
Microsoft Visual Studio Solution File, Format Version 12.00
# Visual Studio Version 17
VisualStudioVersion = 17.10.35013.160
MinimumVisualStudioVersion = 10.0.40219.1
Project("{FAE04EC0-301F-11D3-BF4B-00C04F79EFBC}") = "WpfTulingMesBoard", "WpfTulingMesBoard.csproj", "{4DEDD9AE-4833-48B8-9A44-0933850B5DBE}"
EndProject
Global
	GlobalSection(SolutionConfigurationPlatforms) = preSolution
		Debug|Any CPU = Debug|Any CPU
		Release|Any CPU = Release|Any CPU
	EndGlobalSection
	GlobalSection(ProjectConfigurationPlatforms) = postSolution
		{4DEDD9AE-4833-48B8-9A44-0933850B5DBE}.Debug|Any CPU.ActiveCfg = Debug|Any CPU
		{4DEDD9AE-4833-48B8-9A44-0933850B5DBE}.Debug|Any CPU.Build.0 = Debug|Any CPU
		{4DEDD9AE-4833-48B8-9A44-0933850B5DBE}.Release|Any CPU.ActiveCfg = Release|Any CPU
		{4DEDD9AE-4833-48B8-9A44-0933850B5DBE}.Release|Any CPU.Build.0 = Release|Any CPU
	EndGlobalSection
	GlobalSection(SolutionProperties) = preSolution
		HideSolutionNode = FALSE
	EndGlobalSection
	GlobalSection(ExtensibilityGlobals) = postSolution
		SolutionGuid = {73207AF7-312E-4425-8CA3-483A0A1AFABF}
	EndGlobalSection
EndGlobal
