
Microsoft Visual Studio Solution File, Format Version 12.00
# Visual Studio Version 17
VisualStudioVersion = 17.10.35013.160
MinimumVisualStudioVersion = 10.0.40219.1
Project("{FAE04EC0-301F-11D3-BF4B-00C04F79EFBC}") = "WpfBehaviors", "WpfBehaviors.csproj", "{95F1B931-8FAE-40EE-953D-B71488130568}"
EndProject
Global
	GlobalSection(SolutionConfigurationPlatforms) = preSolution
		Debug|Any CPU = Debug|Any CPU
		Release|Any CPU = Release|Any CPU
	EndGlobalSection
	GlobalSection(ProjectConfigurationPlatforms) = postSolution
		{95F1B931-8FAE-40EE-953D-B71488130568}.Debug|Any CPU.ActiveCfg = Debug|Any CPU
		{95F1B931-8FAE-40EE-953D-B71488130568}.Debug|Any CPU.Build.0 = Debug|Any CPU
		{95F1B931-8FAE-40EE-953D-B71488130568}.Release|Any CPU.ActiveCfg = Release|Any CPU
		{95F1B931-8FAE-40EE-953D-B71488130568}.Release|Any CPU.Build.0 = Release|Any CPU
	EndGlobalSection
	GlobalSection(SolutionProperties) = preSolution
		HideSolutionNode = FALSE
	EndGlobalSection
	GlobalSection(ExtensibilityGlobals) = postSolution
		SolutionGuid = {AAADFA0E-7374-43F9-8B29-81EE13F24792}
	EndGlobalSection
EndGlobal
