
Microsoft Visual Studio Solution File, Format Version 12.00
# Visual Studio Version 17
VisualStudioVersion = 17.10.35013.160
MinimumVisualStudioVersion = 10.0.40219.1
Project("{FAE04EC0-301F-11D3-BF4B-00C04F79EFBC}") = "WpfAnimation", "WpfAnimation.csproj", "{5E272598-2FF0-4E5E-9E61-8D08377D61C2}"
EndProject
Global
	GlobalSection(SolutionConfigurationPlatforms) = preSolution
		Debug|Any CPU = Debug|Any CPU
		Release|Any CPU = Release|Any CPU
	EndGlobalSection
	GlobalSection(ProjectConfigurationPlatforms) = postSolution
		{5E272598-2FF0-4E5E-9E61-8D08377D61C2}.Debug|Any CPU.ActiveCfg = Debug|Any CPU
		{5E272598-2FF0-4E5E-9E61-8D08377D61C2}.Debug|Any CPU.Build.0 = Debug|Any CPU
		{5E272598-2FF0-4E5E-9E61-8D08377D61C2}.Release|Any CPU.ActiveCfg = Release|Any CPU
		{5E272598-2FF0-4E5E-9E61-8D08377D61C2}.Release|Any CPU.Build.0 = Release|Any CPU
	EndGlobalSection
	GlobalSection(SolutionProperties) = preSolution
		HideSolutionNode = FALSE
	EndGlobalSection
	GlobalSection(ExtensibilityGlobals) = postSolution
		SolutionGuid = {9B06B1B0-70D3-42E7-8C39-00A00588BA9B}
	EndGlobalSection
EndGlobal
