
Microsoft Visual Studio Solution File, Format Version 12.00
# Visual Studio Version 17
VisualStudioVersion = 17.10.35013.160
MinimumVisualStudioVersion = 10.0.40219.1
Project("{FAE04EC0-301F-11D3-BF4B-00C04F79EFBC}") = "WpfPrismDemo", "WpfPrismDemo.csproj", "{46D9B73D-EFDB-465B-95B9-99EAEF6986BF}"
EndProject
Global
	GlobalSection(SolutionConfigurationPlatforms) = preSolution
		Debug|Any CPU = Debug|Any CPU
		Release|Any CPU = Release|Any CPU
	EndGlobalSection
	GlobalSection(ProjectConfigurationPlatforms) = postSolution
		{46D9B73D-EFDB-465B-95B9-99EAEF6986BF}.Debug|Any CPU.ActiveCfg = Debug|Any CPU
		{46D9B73D-EFDB-465B-95B9-99EAEF6986BF}.Debug|Any CPU.Build.0 = Debug|Any CPU
		{46D9B73D-EFDB-465B-95B9-99EAEF6986BF}.Release|Any CPU.ActiveCfg = Release|Any CPU
		{46D9B73D-EFDB-465B-95B9-99EAEF6986BF}.Release|Any CPU.Build.0 = Release|Any CPU
	EndGlobalSection
	GlobalSection(SolutionProperties) = preSolution
		HideSolutionNode = FALSE
	EndGlobalSection
	GlobalSection(ExtensibilityGlobals) = postSolution
		SolutionGuid = {A239531E-6C17-44E9-B4F7-552D026A7F88}
	EndGlobalSection
EndGlobal
