
Microsoft Visual Studio Solution File, Format Version 12.00
# Visual Studio Version 17
VisualStudioVersion = 17.10.35013.160
MinimumVisualStudioVersion = 10.0.40219.1
Project("{9A19103F-16F7-4668-BE54-9A1E7A4F7556}") = "WpfPrismExtension", "WpfPrismExtension.csproj", "{685359BB-BAAB-4B3B-9790-AB0195F8FB28}"
EndProject
Project("{FAE04EC0-301F-11D3-BF4B-00C04F79EFBC}") = "WpfPrismModule", "..\WpfPrismModule\WpfPrismModule.csproj", "{3428485B-F78A-47BA-AA9C-B13600607CD3}"
EndProject
Global
	GlobalSection(SolutionConfigurationPlatforms) = preSolution
		Debug|Any CPU = Debug|Any CPU
		Release|Any CPU = Release|Any CPU
	EndGlobalSection
	GlobalSection(ProjectConfigurationPlatforms) = postSolution
		{685359BB-BAAB-4B3B-9790-AB0195F8FB28}.Debug|Any CPU.ActiveCfg = Debug|Any CPU
		{685359BB-BAAB-4B3B-9790-AB0195F8FB28}.Debug|Any CPU.Build.0 = Debug|Any CPU
		{685359BB-BAAB-4B3B-9790-AB0195F8FB28}.Release|Any CPU.ActiveCfg = Release|Any CPU
		{685359BB-BAAB-4B3B-9790-AB0195F8FB28}.Release|Any CPU.Build.0 = Release|Any CPU
		{3428485B-F78A-47BA-AA9C-B13600607CD3}.Debug|Any CPU.ActiveCfg = Debug|Any CPU
		{3428485B-F78A-47BA-AA9C-B13600607CD3}.Debug|Any CPU.Build.0 = Debug|Any CPU
		{3428485B-F78A-47BA-AA9C-B13600607CD3}.Release|Any CPU.ActiveCfg = Release|Any CPU
		{3428485B-F78A-47BA-AA9C-B13600607CD3}.Release|Any CPU.Build.0 = Release|Any CPU
	EndGlobalSection
	GlobalSection(SolutionProperties) = preSolution
		HideSolutionNode = FALSE
	EndGlobalSection
	GlobalSection(ExtensibilityGlobals) = postSolution
		SolutionGuid = {8FB92EFC-6FB1-456E-A7AE-D5CA0878A2B3}
	EndGlobalSection
EndGlobal
