
Microsoft Visual Studio Solution File, Format Version 12.00
# Visual Studio Version 17
VisualStudioVersion = 17.10.35013.160
MinimumVisualStudioVersion = 10.0.40219.1
Project("{FAE04EC0-301F-11D3-BF4B-00C04F79EFBC}") = "WpfDependencyProp", "WpfDependencyProp.csproj", "{121D3C93-B0CE-43F8-9675-E747383DCC71}"
EndProject
Global
	GlobalSection(SolutionConfigurationPlatforms) = preSolution
		Debug|Any CPU = Debug|Any CPU
		Release|Any CPU = Release|Any CPU
	EndGlobalSection
	GlobalSection(ProjectConfigurationPlatforms) = postSolution
		{121D3C93-B0CE-43F8-9675-E747383DCC71}.Debug|Any CPU.ActiveCfg = Debug|Any CPU
		{121D3C93-B0CE-43F8-9675-E747383DCC71}.Debug|Any CPU.Build.0 = Debug|Any CPU
		{121D3C93-B0CE-43F8-9675-E747383DCC71}.Release|Any CPU.ActiveCfg = Release|Any CPU
		{121D3C93-B0CE-43F8-9675-E747383DCC71}.Release|Any CPU.Build.0 = Release|Any CPU
	EndGlobalSection
	GlobalSection(SolutionProperties) = preSolution
		HideSolutionNode = FALSE
	EndGlobalSection
	GlobalSection(ExtensibilityGlobals) = postSolution
		SolutionGuid = {2985B737-5329-4E79-8439-22F356C337A9}
	EndGlobalSection
EndGlobal
