
Microsoft Visual Studio Solution File, Format Version 12.00
# Visual Studio Version 17
VisualStudioVersion = 17.10.35013.160
MinimumVisualStudioVersion = 10.0.40219.1
Project("{FAE04EC0-301F-11D3-BF4B-00C04F79EFBC}") = "WpfAppBiliLogin", "WpfAppBiliLogin.csproj", "{D6D0AF4A-1375-45AB-AC41-4358D014F77E}"
EndProject
Global
	GlobalSection(SolutionConfigurationPlatforms) = preSolution
		Debug|Any CPU = Debug|Any CPU
		Release|Any CPU = Release|Any CPU
	EndGlobalSection
	GlobalSection(ProjectConfigurationPlatforms) = postSolution
		{D6D0AF4A-1375-45AB-AC41-4358D014F77E}.Debug|Any CPU.ActiveCfg = Debug|Any CPU
		{D6D0AF4A-1375-45AB-AC41-4358D014F77E}.Debug|Any CPU.Build.0 = Debug|Any CPU
		{D6D0AF4A-1375-45AB-AC41-4358D014F77E}.Release|Any CPU.ActiveCfg = Release|Any CPU
		{D6D0AF4A-1375-45AB-AC41-4358D014F77E}.Release|Any CPU.Build.0 = Release|Any CPU
	EndGlobalSection
	GlobalSection(SolutionProperties) = preSolution
		HideSolutionNode = FALSE
	EndGlobalSection
	GlobalSection(ExtensibilityGlobals) = postSolution
		SolutionGuid = {434E35FF-A04C-4E92-97D7-F28A74F82185}
	EndGlobalSection
EndGlobal
