
Microsoft Visual Studio Solution File, Format Version 12.00
# Visual Studio Version 17
VisualStudioVersion = 17.10.35013.160
MinimumVisualStudioVersion = 10.0.40219.1
Project("{FAE04EC0-301F-11D3-BF4B-00C04F79EFBC}") = "OPCDADemo", "OPCDADemo.csproj", "{5DDEC60A-C1B8-4718-9021-486559DC5E95}"
EndProject
Global
	GlobalSection(SolutionConfigurationPlatforms) = preSolution
		Debug|Any CPU = Debug|Any CPU
		Debug|x86 = Debug|x86
		Release|Any CPU = Release|Any CPU
		Release|x86 = Release|x86
	EndGlobalSection
	GlobalSection(ProjectConfigurationPlatforms) = postSolution
		{5DDEC60A-C1B8-4718-9021-486559DC5E95}.Debug|Any CPU.ActiveCfg = Debug|Any CPU
		{5DDEC60A-C1B8-4718-9021-486559DC5E95}.Debug|Any CPU.Build.0 = Debug|Any CPU
		{5DDEC60A-C1B8-4718-9021-486559DC5E95}.Debug|x86.ActiveCfg = Debug|x86
		{5DDEC60A-C1B8-4718-9021-486559DC5E95}.Debug|x86.Build.0 = Debug|x86
		{5DDEC60A-C1B8-4718-9021-486559DC5E95}.Release|Any CPU.ActiveCfg = Release|Any CPU
		{5DDEC60A-C1B8-4718-9021-486559DC5E95}.Release|Any CPU.Build.0 = Release|Any CPU
		{5DDEC60A-C1B8-4718-9021-486559DC5E95}.Release|x86.ActiveCfg = Release|x86
		{5DDEC60A-C1B8-4718-9021-486559DC5E95}.Release|x86.Build.0 = Release|x86
	EndGlobalSection
	GlobalSection(SolutionProperties) = preSolution
		HideSolutionNode = FALSE
	EndGlobalSection
	GlobalSection(ExtensibilityGlobals) = postSolution
		SolutionGuid = {9CE1CF02-8645-4D68-B658-6632A12AAAC6}
	EndGlobalSection
EndGlobal
