
Microsoft Visual Studio Solution File, Format Version 12.00
# Visual Studio Version 17
VisualStudioVersion = 17.10.35013.160
MinimumVisualStudioVersion = 10.0.40219.1
Project("{FAE04EC0-301F-11D3-BF4B-00C04F79EFBC}") = "MQTTDemo", "MQTTDemo.csproj", "{E48ED8A8-2AF0-4F9C-B7DE-51751F3C3648}"
EndProject
Global
	GlobalSection(SolutionConfigurationPlatforms) = preSolution
		Debug|Any CPU = Debug|Any CPU
		Release|Any CPU = Release|Any CPU
	EndGlobalSection
	GlobalSection(ProjectConfigurationPlatforms) = postSolution
		{E48ED8A8-2AF0-4F9C-B7DE-51751F3C3648}.Debug|Any CPU.ActiveCfg = Debug|Any CPU
		{E48ED8A8-2AF0-4F9C-B7DE-51751F3C3648}.Debug|Any CPU.Build.0 = Debug|Any CPU
		{E48ED8A8-2AF0-4F9C-B7DE-51751F3C3648}.Release|Any CPU.ActiveCfg = Release|Any CPU
		{E48ED8A8-2AF0-4F9C-B7DE-51751F3C3648}.Release|Any CPU.Build.0 = Release|Any CPU
	EndGlobalSection
	GlobalSection(SolutionProperties) = preSolution
		HideSolutionNode = FALSE
	EndGlobalSection
	GlobalSection(ExtensibilityGlobals) = postSolution
		SolutionGuid = {52A78949-3F33-4236-B42D-819D8A98E2D7}
	EndGlobalSection
EndGlobal
